
Microsoft Visual Studio Solution File, Format Version 12.00
# Visual Studio Version 17
VisualStudioVersion = 17.5.002.0
MinimumVisualStudioVersion = 10.0.40219.1
Project("{9A19103F-16F7-4668-BE54-9A1E7A4F7556}") = "lab-mobbing-KindCoders", "lab-mobbing-KindCoders.csproj", "{51A66127-4E6D-45ED-8742-64312079A957}"
EndProject
Global
	GlobalSection(SolutionConfigurationPlatforms) = preSolution
		Debug|Any CPU = Debug|Any CPU
		Release|Any CPU = Release|Any CPU
	EndGlobalSection
	GlobalSection(ProjectConfigurationPlatforms) = postSolution
		{51A66127-4E6D-45ED-8742-64312079A957}.Debug|Any CPU.ActiveCfg = Debug|Any CPU
		{51A66127-4E6D-45ED-8742-64312079A957}.Debug|Any CPU.Build.0 = Debug|Any CPU
		{51A66127-4E6D-45ED-8742-64312079A957}.Release|Any CPU.ActiveCfg = Release|Any CPU
		{51A66127-4E6D-45ED-8742-64312079A957}.Release|Any CPU.Build.0 = Release|Any CPU
	EndGlobalSection
	GlobalSection(SolutionProperties) = preSolution
		HideSolutionNode = FALSE
	EndGlobalSection
	GlobalSection(ExtensibilityGlobals) = postSolution
		SolutionGuid = {6A95D761-EDE4-469C-8D0B-4779BD52FBA9}
	EndGlobalSection
EndGlobal
